# This file is automatically @generated by Cargo.
# It is not intended for manual editing.
version = 4

[[package]]
name = "fr.mangasorigines"
version = "0.1.0"
dependencies = [
 "aidoku",
 "base64 0.22",
 "serde",
]

[[package]]
name = "aidoku"
version = "0.1.0"
dependencies = [
 "base64 0.22",
 "serde",
 "serde_json",
]

[[package]]
name = "base64"
version = "0.22"

[[package]]
name = "serde"
version = "1"

[[package]]
name = "serde_json"
version = "1"
